{
  "name": "pact-binaries-releases",
  "version": "1.0.0",
  "lockfileVersion": 1,
  "requires": true,
  "dependencies": {
    "node-fetch": {
      "version": "2.6.0",
      "resolved": "https://artifactory.ing.net/artifactory/api/npm/releases_npm_all/node-fetch/-/node-fetch-2.6.0.tgz",
      "integrity": "sha1-5jNFY4bUqlWGP2dqerDaqP3ssP0="
    }
  }
}
